
Microsoft Visual Studio Solution File, Format Version 12.00
# Visual Studio 15
VisualStudioVersion = 15.0.28307.705
MinimumVisualStudioVersion = 10.0.40219.1
Project("{FAE04EC0-301F-11D3-BF4B-00C04F79EFBC}") = "POO_LAMBDA", "POO_LAMBDA\POO_LAMBDA.csproj", "{E26F4D0A-D709-4150-AB81-CE11175204A1}"
EndProject
Global
	GlobalSection(SolutionConfigurationPlatforms) = preSolution
		Debug|Any CPU = Debug|Any CPU
		Release|Any CPU = Release|Any CPU
	EndGlobalSection
	GlobalSection(ProjectConfigurationPlatforms) = postSolution
		{E26F4D0A-D709-4150-AB81-CE11175204A1}.Debug|Any CPU.ActiveCfg = Debug|Any CPU
		{E26F4D0A-D709-4150-AB81-CE11175204A1}.Debug|Any CPU.Build.0 = Debug|Any CPU
		{E26F4D0A-D709-4150-AB81-CE11175204A1}.Release|Any CPU.ActiveCfg = Release|Any CPU
		{E26F4D0A-D709-4150-AB81-CE11175204A1}.Release|Any CPU.Build.0 = Release|Any CPU
	EndGlobalSection
	GlobalSection(SolutionProperties) = preSolution
		HideSolutionNode = FALSE
	EndGlobalSection
	GlobalSection(ExtensibilityGlobals) = postSolution
		SolutionGuid = {AE9495DF-66C1-4782-9F6D-96968FDA1834}
	EndGlobalSection
EndGlobal
