
Microsoft Visual Studio Solution File, Format Version 12.00
# Visual Studio 15
VisualStudioVersion = 15.0.28307.572
MinimumVisualStudioVersion = 10.0.40219.1
Project("{FAE04EC0-301F-11D3-BF4B-00C04F79EFBC}") = "ConsoleApp2", "ConsoleApp2\ConsoleApp2.csproj", "{63B5BDCD-46F4-4AB2-BC3F-044AF9633DEB}"
EndProject
Global
	GlobalSection(SolutionConfigurationPlatforms) = preSolution
		Debug|Any CPU = Debug|Any CPU
		Release|Any CPU = Release|Any CPU
	EndGlobalSection
	GlobalSection(ProjectConfigurationPlatforms) = postSolution
		{63B5BDCD-46F4-4AB2-BC3F-044AF9633DEB}.Debug|Any CPU.ActiveCfg = Debug|Any CPU
		{63B5BDCD-46F4-4AB2-BC3F-044AF9633DEB}.Debug|Any CPU.Build.0 = Debug|Any CPU
		{63B5BDCD-46F4-4AB2-BC3F-044AF9633DEB}.Release|Any CPU.ActiveCfg = Release|Any CPU
		{63B5BDCD-46F4-4AB2-BC3F-044AF9633DEB}.Release|Any CPU.Build.0 = Release|Any CPU
	EndGlobalSection
	GlobalSection(SolutionProperties) = preSolution
		HideSolutionNode = FALSE
	EndGlobalSection
	GlobalSection(ExtensibilityGlobals) = postSolution
		SolutionGuid = {E243A030-628E-4BD8-8F7F-C966A2D8C8DB}
	EndGlobalSection
EndGlobal
