
Microsoft Visual Studio Solution File, Format Version 12.00
# Visual Studio 15
VisualStudioVersion = 15.0.28307.572
MinimumVisualStudioVersion = 10.0.40219.1
Project("{FAE04EC0-301F-11D3-BF4B-00C04F79EFBC}") = "grafos_testes", "grafos_testes\grafos_testes.csproj", "{CBCA7F9A-4A50-4D35-914F-A7448D72FB38}"
EndProject
Global
	GlobalSection(SolutionConfigurationPlatforms) = preSolution
		Debug|Any CPU = Debug|Any CPU
		Release|Any CPU = Release|Any CPU
	EndGlobalSection
	GlobalSection(ProjectConfigurationPlatforms) = postSolution
		{CBCA7F9A-4A50-4D35-914F-A7448D72FB38}.Debug|Any CPU.ActiveCfg = Debug|Any CPU
		{CBCA7F9A-4A50-4D35-914F-A7448D72FB38}.Debug|Any CPU.Build.0 = Debug|Any CPU
		{CBCA7F9A-4A50-4D35-914F-A7448D72FB38}.Release|Any CPU.ActiveCfg = Release|Any CPU
		{CBCA7F9A-4A50-4D35-914F-A7448D72FB38}.Release|Any CPU.Build.0 = Release|Any CPU
	EndGlobalSection
	GlobalSection(SolutionProperties) = preSolution
		HideSolutionNode = FALSE
	EndGlobalSection
	GlobalSection(ExtensibilityGlobals) = postSolution
		SolutionGuid = {09C10075-A954-4595-B3C2-604ED04915A9}
	EndGlobalSection
EndGlobal
