
Microsoft Visual Studio Solution File, Format Version 12.00
# Visual Studio 15
VisualStudioVersion = 15.0.28307.645
MinimumVisualStudioVersion = 10.0.40219.1
Project("{FAE04EC0-301F-11D3-BF4B-00C04F79EFBC}") = "CRUD_02", "CRUD_02\CRUD_02.csproj", "{794B56EC-B56A-4747-A075-5AB4A71BC032}"
EndProject
Global
	GlobalSection(SolutionConfigurationPlatforms) = preSolution
		Debug|Any CPU = Debug|Any CPU
		Release|Any CPU = Release|Any CPU
	EndGlobalSection
	GlobalSection(ProjectConfigurationPlatforms) = postSolution
		{794B56EC-B56A-4747-A075-5AB4A71BC032}.Debug|Any CPU.ActiveCfg = Debug|Any CPU
		{794B56EC-B56A-4747-A075-5AB4A71BC032}.Debug|Any CPU.Build.0 = Debug|Any CPU
		{794B56EC-B56A-4747-A075-5AB4A71BC032}.Release|Any CPU.ActiveCfg = Release|Any CPU
		{794B56EC-B56A-4747-A075-5AB4A71BC032}.Release|Any CPU.Build.0 = Release|Any CPU
	EndGlobalSection
	GlobalSection(SolutionProperties) = preSolution
		HideSolutionNode = FALSE
	EndGlobalSection
	GlobalSection(ExtensibilityGlobals) = postSolution
		SolutionGuid = {2D122F7A-B58E-4651-960A-0B6B9518DDCC}
	EndGlobalSection
EndGlobal
