
Microsoft Visual Studio Solution File, Format Version 12.00
# Visual Studio 15
VisualStudioVersion = 15.0.28307.572
MinimumVisualStudioVersion = 10.0.40219.1
Project("{FAE04EC0-301F-11D3-BF4B-00C04F79EFBC}") = "ConsoleApp3", "ConsoleApp3\ConsoleApp3.csproj", "{F3FF548A-F029-4734-86A7-7BA38D809B1E}"
EndProject
Global
	GlobalSection(SolutionConfigurationPlatforms) = preSolution
		Debug|Any CPU = Debug|Any CPU
		Release|Any CPU = Release|Any CPU
	EndGlobalSection
	GlobalSection(ProjectConfigurationPlatforms) = postSolution
		{F3FF548A-F029-4734-86A7-7BA38D809B1E}.Debug|Any CPU.ActiveCfg = Debug|Any CPU
		{F3FF548A-F029-4734-86A7-7BA38D809B1E}.Debug|Any CPU.Build.0 = Debug|Any CPU
		{F3FF548A-F029-4734-86A7-7BA38D809B1E}.Release|Any CPU.ActiveCfg = Release|Any CPU
		{F3FF548A-F029-4734-86A7-7BA38D809B1E}.Release|Any CPU.Build.0 = Release|Any CPU
	EndGlobalSection
	GlobalSection(SolutionProperties) = preSolution
		HideSolutionNode = FALSE
	EndGlobalSection
	GlobalSection(ExtensibilityGlobals) = postSolution
		SolutionGuid = {2BC863D7-C408-4FBA-8A1C-1A7FD2991BC9}
	EndGlobalSection
EndGlobal
