
Microsoft Visual Studio Solution File, Format Version 12.00
# Visual Studio 15
VisualStudioVersion = 15.0.28307.645
MinimumVisualStudioVersion = 10.0.40219.1
Project("{FAE04EC0-301F-11D3-BF4B-00C04F79EFBC}") = "CRUD_04", "CRUD_04\CRUD_04.csproj", "{5607841E-BD3B-46D5-B8A4-FAFC0D8250F0}"
EndProject
Global
	GlobalSection(SolutionConfigurationPlatforms) = preSolution
		Debug|Any CPU = Debug|Any CPU
		Release|Any CPU = Release|Any CPU
	EndGlobalSection
	GlobalSection(ProjectConfigurationPlatforms) = postSolution
		{5607841E-BD3B-46D5-B8A4-FAFC0D8250F0}.Debug|Any CPU.ActiveCfg = Debug|Any CPU
		{5607841E-BD3B-46D5-B8A4-FAFC0D8250F0}.Debug|Any CPU.Build.0 = Debug|Any CPU
		{5607841E-BD3B-46D5-B8A4-FAFC0D8250F0}.Release|Any CPU.ActiveCfg = Release|Any CPU
		{5607841E-BD3B-46D5-B8A4-FAFC0D8250F0}.Release|Any CPU.Build.0 = Release|Any CPU
	EndGlobalSection
	GlobalSection(SolutionProperties) = preSolution
		HideSolutionNode = FALSE
	EndGlobalSection
	GlobalSection(ExtensibilityGlobals) = postSolution
		SolutionGuid = {013CD826-B87F-4CAA-B8A3-8467517A9CC9}
	EndGlobalSection
EndGlobal
