
Microsoft Visual Studio Solution File, Format Version 12.00
# Visual Studio 15
VisualStudioVersion = 15.0.28307.645
MinimumVisualStudioVersion = 10.0.40219.1
Project("{FAE04EC0-301F-11D3-BF4B-00C04F79EFBC}") = "POO_04_ClassesEMetodosSelados", "POO_04_ClassesEMetodosSelados\POO_04_ClassesEMetodosSelados.csproj", "{159EB2C6-73A3-415F-BCFB-6F4D03BBD585}"
EndProject
Global
	GlobalSection(SolutionConfigurationPlatforms) = preSolution
		Debug|Any CPU = Debug|Any CPU
		Release|Any CPU = Release|Any CPU
	EndGlobalSection
	GlobalSection(ProjectConfigurationPlatforms) = postSolution
		{159EB2C6-73A3-415F-BCFB-6F4D03BBD585}.Debug|Any CPU.ActiveCfg = Debug|Any CPU
		{159EB2C6-73A3-415F-BCFB-6F4D03BBD585}.Debug|Any CPU.Build.0 = Debug|Any CPU
		{159EB2C6-73A3-415F-BCFB-6F4D03BBD585}.Release|Any CPU.ActiveCfg = Release|Any CPU
		{159EB2C6-73A3-415F-BCFB-6F4D03BBD585}.Release|Any CPU.Build.0 = Release|Any CPU
	EndGlobalSection
	GlobalSection(SolutionProperties) = preSolution
		HideSolutionNode = FALSE
	EndGlobalSection
	GlobalSection(ExtensibilityGlobals) = postSolution
		SolutionGuid = {B2229840-C796-465B-B9A6-FA9B2DF3D478}
	EndGlobalSection
EndGlobal
